# THIS IS AN AUTOGENERATED FILE. DO NOT EDIT THIS FILE DIRECTLY.
assets/app.js.liquid:
  development: 2018-04-28T21:26:52-07:00   d5e2fb5a80deedb250127c330c024adb
assets/black-blue-icon.png:
  development: 2017-07-28T13:55:47-07:00   c48ca2b03c35b4ddc16055849acfa5f6
assets/bleed-logo.png:
  development: 2017-07-28T13:55:47-07:00   26521c8fc457e5d6173c0bfacf302a34
assets/blue-icon.png:
  development: 2017-07-28T13:55:49-07:00   760ad92cc3ab7a3232a332eba66ee6c8
assets/checkout-styles-mobile.css.liquid:
  development: 2017-07-28T13:55:51-07:00   f117170cb42e8764876380fa10bbca40
assets/checkout-styles-mobile.css.liquid.map:
  development: 2017-07-28T13:55:51-07:00   8c5950244fc124ea2873fccd16de53e1
assets/checkout-styles.css.liquid:
  development: 2017-07-28T13:55:52-07:00   dc172f826b1c5c51b5c3717237e7b723
assets/checkout-styles.css.liquid.map:
  development: 2017-07-28T13:55:52-07:00   9e6be366354c3199aaf8f630b1a69f4e
assets/checkout.css.liquid:
  development: 2017-07-28T13:55:52-07:00   a22706dc0491fd4054e018399213c15c
assets/gift-card.scss.liquid:
  development: 2017-07-28T13:55:54-07:00   72019145ae40b534570bee17cd7b6a1a
assets/home-testimonial-1-avatar.jpg:
  development: 2018-05-11T04:16:30-07:00   fda39cf78d32183c5af36ef0a2d7bb0b
assets/home-testimonial-3-avatar.jpg:
  development: 2018-05-11T04:11:55-07:00   59cae329ab6f2ffe54e77805206ae4a2
assets/home-testimonial-4-avatar.jpg:
  development: 2018-05-11T04:11:55-07:00   a0669b7711d58816525342488f732884
assets/home-testimonial-5-avatar.jpg:
  development: 2018-05-11T04:04:56-07:00   d7241bbca2c4390f7fe5d0d54694535b
assets/icon-cart.png:
  development: 2018-06-08T02:39:22-07:00   34f0e62d35fa4f2526118d13621d7f97
assets/icon-search.png:
  development: 2018-06-08T02:39:22-07:00   b1e36ba168692322f829386d7502be86
assets/icon-user.png:
  development: 2018-06-08T02:39:22-07:00   8a679f3e4155997714339753a4828be5
assets/jquery.cart.min.js:
  development: 2017-07-28T13:55:58-07:00   4f5af6253c0590a20c227dcdaefdf950
assets/jquery.currencies.js:
  development: 2017-07-28T14:43:15-07:00   e762a942cddfee5c6e93502be82fe4d2
assets/logo-retina.png:
  development: 2017-07-28T13:55:58-07:00   39102f3653996c4e7c3fb2b67b9d762e
assets/logo.png:
  development: 2017-07-28T13:55:59-07:00   d0279d8777943ee22296eb6c41c7fde1
assets/modernizr-2.7.1.min.js:
  development: 2017-07-28T13:55:59-07:00   e49e67ef07362fcfb0be107f8651f1d9
assets/no-image.png:
  development: 2017-07-28T13:55:59-07:00   dbcf571b95733efe9d94e4701fcc74a7
assets/no-image.svg:
  development: 2017-07-28T13:55:59-07:00   c1cb57e460094a7b692b8f0a15e2f31c
assets/plugins.js:
  development: 2017-07-28T13:56:00-07:00   e59977a3618bb92d193bf6f4442b2419
assets/search-icon.png:
  development: 2017-07-28T13:56:01-07:00   9e182f1fef9c828f51465fece391615c
assets/search-icon1.png:
  development: 2017-07-28T13:56:01-07:00   1b1e723c0185ef8561e3430982b74bc7
assets/search-icon2.png:
  development: 2017-07-28T13:56:01-07:00   b8ec9aedb2e927130c848654d17b41a6
assets/search-icon4.png:
  development: 2018-06-08T02:24:43-07:00   99bc623924a1b081fbbfc8478833bd5f
assets/secondary-logo.png:
  development: 2017-07-28T13:56:02-07:00   ec636576f0fb3718270e0507661cb78e
assets/secondlogo.png:
  development: 2017-07-28T13:56:02-07:00   9e998f19c05273cb93eee1d1a0fc5bd1
assets/singleproductwebicons-regular.eot:
  development: 2017-07-28T13:56:03-07:00   cfadf8b6e9c55e486fba29c09ac2b329
assets/singleproductwebicons-regular.ttf:
  development: 2017-07-28T13:56:03-07:00   073c9fe8a492a42b99f81cc36449c861
assets/socicon-webfont.svg:
  development: 2017-07-28T14:43:21-07:00   bf2e60c981252effdf4672b3c4e5c5fb
assets/socicon-webfont.woff:
  development: 2017-07-28T13:56:07-07:00   cad75e2dacc6794c4e6b14727d4a989d
assets/tag-icon.png:
  development: 2017-07-28T13:56:07-07:00   611ea558d930988d70c366f99fdd888e
layout/checkout.liquid:
  development: 2018-06-22T03:35:55-07:00   85cc09da45088e2ecb49467475afcfc0
layout/theme.liquid:
  development: 2018-06-22T09:05:37-07:00   5f7ee4d03f576afefa7c2506e93bc64a
locales/en.default.json:
  development: 2017-07-28T13:56:07-07:00   cde3644e4dedf16a6c5e7596d38e0d9b
snippets/article-list-item.liquid:
  development: 2017-07-28T13:56:07-07:00   dbf0f2596f12c64d7ef7a92ddc9aafd5
snippets/breadcrumbs.liquid:
  development: 2017-07-28T13:56:07-07:00   2b4498617f5592aacadc2e736464bf00
snippets/carthook-checkout.liquid:
  development: 2017-07-28T13:56:07-07:00   999794d6a437824391ae464ff20d0b59
snippets/header.liquid:
  development: 2018-06-13T10:49:11-07:00   43d145c9063b7d8813e59f1778a31c8f
snippets/hex2rgb.liquid:
  development: 2017-07-28T13:56:08-07:00   646edef4e1a0cf9a1d47d6465b467a38
snippets/home-as-seen-on.liquid:
  development: 2017-07-28T13:56:08-07:00   2f46666f56f04add5c6d233f8178644d
snippets/home-featured-blog.liquid:
  development: 2017-07-28T13:56:08-07:00   0c7d05daad4b2a45ecfa080a09f31e30
snippets/home-featured-collections.liquid:
  development: 2017-07-28T13:56:08-07:00   2ebcd45de6e3f934384e76231194612e
snippets/home-featured-products.liquid:
  development: 2017-07-28T13:56:08-07:00   960a48eabe681ddcb7438be2db1def84
snippets/home-full-width.liquid:
  development: 2017-07-28T13:56:08-07:00   4d272479be2612ce2b0eed5129387c7b
snippets/home-hero.liquid:
  development: 2017-07-28T13:56:08-07:00   830fbac927aacc5c04c499f5d9e31189
snippets/home-in-line.liquid:
  development: 2017-07-28T13:56:08-07:00   636bbd7945c4569525849ae1ed12f437
snippets/home-instagram.liquid:
  development: 2017-07-28T13:56:08-07:00   a53f548165cd958340890537230cda66
snippets/home-left-right.liquid:
  development: 2017-07-28T13:56:08-07:00   c7a554f4e6ba72cfb52b3bea3780802a
snippets/home-order-now.liquid:
  development: 2017-07-28T13:56:08-07:00   bf8cfa7df4497a5da33628e1a5897529
snippets/home-slideshow.liquid:
  development: 2017-07-28T13:56:08-07:00   01bd93252a85c3ffdee973a2fe80a70c
snippets/mailing-list.liquid:
  development: 2017-07-28T13:56:08-07:00   cc0b4a2e1bd960af93ff9f8265f01607
snippets/navigation.liquid:
  development: 2017-07-28T13:56:08-07:00   ce349134d88dbd0e48c72ea1712fbc77
snippets/pagination.liquid:
  development: 2017-07-28T13:56:08-07:00   9ce065a3eb654f7b146f54d2c3b43269
snippets/product-list-item.liquid:
  development: 2018-05-22T21:36:06-07:00   fd41869ba4804f57a9f64442e888d9eb
snippets/product-page-buy-button.liquid:
  development: 2017-07-28T13:56:08-07:00   7b21fcbd1d356e482b66ec6f57be93b9
snippets/share-buttons.liquid:
  development: 2017-07-28T13:56:08-07:00   12f64d71e38ec0e1be061b4e48a20d7d
snippets/single-article-list-item.liquid:
  development: 2018-06-13T10:25:44-07:00   2626cb5e562def8113e68d35676a4204
snippets/social-meta.liquid:
  development: 2017-07-28T13:56:08-07:00   19ef4e04ef74a1eba5dd2b164d1c531a
snippets/subscription-cart-footer.liquid:
  development: 2017-07-28T13:56:08-07:00   c6edc9b5d93f2bf691513d1003dea8f9
snippets/subscription-theme-footer.liquid:
  development: 2017-07-28T13:56:08-07:00   1d8cc7f2d7c9f1d549334cc16df77a4f
snippets/test-subscription-product.liquid:
  development: 2017-07-28T13:56:08-07:00   f9570d2007c0c094a522e15d238168d4
templates/404.liquid:
  development: 2017-07-28T13:56:08-07:00   2f03969613a12936f0bff5714de522cb
templates/article.liquid:
  development: 2017-07-28T13:56:08-07:00   7103996cf26bb6dcc5585db2a046b7cc
templates/blog.liquid:
  development: 2018-06-13T10:26:15-07:00   6c99caaadaa8b62f18204904ab52c4ee
templates/collection.liquid:
  development: 2018-06-02T00:07:30-07:00   1a4d127f43b1fa8462f2c7cc7d0aae4e
templates/customers/account.liquid:
  development: 2017-07-28T13:56:08-07:00   9e74571f437d3f3cff19387fcb28b46e
templates/customers/activate_account.liquid:
  development: 2017-07-28T13:56:08-07:00   14e5ac53389bf068896926e779b2170d
templates/customers/addresses.liquid:
  development: 2017-07-28T13:56:08-07:00   32818f3645c1fa2d9d3944abdf0a5309
templates/customers/login.liquid:
  development: 2017-07-28T13:56:08-07:00   4eeae35a81e909444dde5ccc42751570
templates/customers/register.liquid:
  development: 2017-07-28T13:56:08-07:00   1846f4fcbc6b7695a1a5dcc8e8633ee9
templates/customers/reset_password.liquid:
  development: 2017-07-28T13:56:08-07:00   e5a9f25966e333639d09cb594ef4f925
templates/index.liquid:
  development: 2017-07-28T13:56:08-07:00   545aadde6e26922ba30d43caf9b8a700
templates/list-collections.liquid:
  development: 2017-07-28T13:56:08-07:00   d4c3c561f407f9d447be28c8d999dc1d
templates/page.affiliate-landing.liquid:
  development: 2018-04-30T07:25:24-07:00   facc52142a91ab7fefc1939856940867
templates/page.affiliate.liquid:
  development: 2017-07-28T13:56:09-07:00   a7ea139153d3027d753cef6d28f70ca3
templates/page.contact.liquid:
  development: 2018-06-14T08:28:13-07:00   b227302ea02b1ea5789c6d68a6420d7c
templates/page.liquid:
  development: 2018-06-22T02:31:32-07:00   d7e6a70127e9de6fff7978fc125427c6
templates/page.retailer.liquid:
  development: 2018-06-14T09:07:27-07:00   a86116e0fba28d09605fc349f0652e78
templates/page.reviews.liquid:
  development: 2017-07-28T13:56:09-07:00   6d67b2c201e280a7a399cb797f92238e
templates/password.liquid:
  development: 2017-07-28T13:56:09-07:00   db7d4b7f4655a8ed8d57eb1bc97424d2
templates/product.liquid:
  development: 2018-05-31T03:58:18-07:00   a82fe2941d49e8fce8b3cbec094f0eaf
templates/product.slideshow.liquid:
  development: 2018-03-08T08:48:37-08:00   0ff98c1252274c6ee9c773bd257078a9
templates/search.liquid:
  development: 2017-07-28T13:56:09-07:00   9470cd8d2d0b8398ae57d897fbbc5526
