# THIS IS AN AUTOGENERATED FILE. DO NOT EDIT THIS FILE DIRECTLY.
assets/app.js.liquid:
  development: 2018-11-13T14:24:00-08:00   e17addd4c757eddca1f1d9b1497709f5
assets/bf-collection-banner-desktop.jpg:
  development: 2017-11-23T22:34:18-08:00   261cec9697d7a94d4f64dc2e785e8542
assets/bf-collection-banner-mobile.jpg:
  development: 2017-11-23T22:34:40-08:00   c9e35210aaf2d9b2c63b1b3e5d9d207f
assets/bf-homepage-banner.jpg:
  development: 2017-11-23T22:31:33-08:00   2848f1cfdf3622be0bd4b92816028d7a
assets/black-blue-icon.png:
  development: 2017-07-28T13:55:47-07:00   c48ca2b03c35b4ddc16055849acfa5f6
assets/bleed-logo.png:
  development: 2017-07-28T13:55:47-07:00   26521c8fc457e5d6173c0bfacf302a34
assets/blog-feature-image.png:
  development: 2017-07-28T13:55:48-07:00   c4dc5129cfa2a7bfaaf5552190ef6d28
assets/blog-km-ad-4@2x.jpg:
  development: 2018-09-28T07:18:10-07:00   76e151dcebfc28c05415a773ab916b98
assets/blue-icon.png:
  development: 2017-07-28T13:55:49-07:00   760ad92cc3ab7a3232a332eba66ee6c8
assets/body-optimization-image.png:
  development: 2017-07-28T13:55:50-07:00   f419b46f198172e90aa18ef48a2acc4b
assets/brain-enhancement-image.png:
  development: 2017-07-28T13:55:51-07:00   8e062f874b06c67d9918c23b1b359bcb
assets/checkout-fonts.css.liquid:
  development: 2017-07-28T13:55:51-07:00   1c78d82e3721d14bbecd93811ad005bc
assets/checkout-styles-mobile.css.liquid:
  development: 2017-07-28T13:55:51-07:00   f117170cb42e8764876380fa10bbca40
assets/checkout-styles-mobile.css.liquid.map:
  development: 2017-07-28T13:55:51-07:00   8c5950244fc124ea2873fccd16de53e1
assets/checkout-styles.css.liquid:
  development: 2018-10-31T05:00:25-07:00   dc172f826b1c5c51b5c3717237e7b723
assets/checkout-styles.css.liquid.map:
  development: 2017-07-28T13:55:52-07:00   9e6be366354c3199aaf8f630b1a69f4e
assets/checkout.css.liquid:
  development: 2017-07-28T13:55:52-07:00   a22706dc0491fd4054e018399213c15c
assets/checkout.mobile.css.liquid:
  development: 2017-07-28T13:55:52-07:00   a33d144fafc80484e6ac2e2d6f330d2a
assets/clearing-sale-collection-banner-desktop2.png:
  development: 2018-03-08T08:06:54-08:00   f5134b9fd095d4ab9349a64685fe9e5b
assets/clearing-sale-collection-banner-mobile.png:
  development: 2018-03-08T08:07:38-08:00   ab0f0220ab226c2278729e16af0c6055
assets/contrast-background-image.jpg:
  development: 2017-07-28T13:55:52-07:00   ecb8c4d51929e74f6785e6ab53d1ea49
assets/contrast-retina-background-image.jpg:
  development: 2017-07-28T13:55:52-07:00   ecb8c4d51929e74f6785e6ab53d1ea49
assets/criteo-orderstatus.js:
  development: 2018-10-31T11:35:02-07:00   4aeb3f362ee3f583b610e8797a40d5f1
assets/customer-service.png:
  development: 2017-07-28T13:55:53-07:00   172e6f8365307e3e3bd3cbb66a9efd5a
assets/featurepost.png:
  development: 2017-07-28T13:55:53-07:00   9b61d3d6159932c979266a3ce597b536
assets/gift-card.scss.liquid:
  development: 2017-07-28T13:55:54-07:00   72019145ae40b534570bee17cd7b6a1a
assets/gold_gold.jpg:
  development: 2018-04-13T16:35:13-07:00   50901f5bf297d027879b246931f19d21
assets/graham-ryan.jpg:
  development: 2017-07-28T13:55:55-07:00   ac1acdcbd501fa9a08440e178f263fb2
assets/graham-ryan.png:
  development: 2017-07-28T13:55:55-07:00   ac1acdcbd501fa9a08440e178f263fb2
assets/home-full-width-1-image.png:
  development: 2017-07-28T13:55:56-07:00   ba094a48130aff43449666a912b0c2fa
assets/home-hero-product-image.png:
  development: 2017-07-28T13:55:57-07:00   de5f2b5ce2e4c637041abeacb116adfe
assets/home-in-line-image-1.png:
  development: 2017-07-28T13:55:57-07:00   f464ef91892899c5cf865169e9fb609c
assets/home-left-right-image-1.png:
  development: 2017-07-28T13:55:57-07:00   aca1220844d054a2285b8220be6adf0a
assets/home-left-right-image-2.png:
  development: 2017-07-28T13:55:58-07:00   f464ef91892899c5cf865169e9fb609c
assets/home-testimonial-1-avatar.jpg:
  development: 2018-07-20T00:57:20-07:00   21775453b7cc037c1db86ef2aa38b38b
assets/home-testimonial-2-avatar.jpg:
  development: 2018-07-20T00:59:23-07:00   984dbbe59c500e4bf8666984167b4783
assets/home-testimonial-3-avatar.jpg:
  development: 2018-07-20T00:59:55-07:00   0548e8fd55589bf238637a1fa99f6c88
assets/home-testimonial-4-avatar.jpg:
  development: 2018-07-20T00:59:54-07:00   d8514ff46f5b94335fafde5632e9ad77
assets/home-testimonial-5-avatar.jpg:
  development: 2018-07-20T00:59:53-07:00   d2893b01d273d8ac98577d2d6c4c3385
assets/icon-cart.png:
  development: 2018-06-08T02:39:22-07:00   34f0e62d35fa4f2526118d13621d7f97
assets/icon-search.png:
  development: 2018-06-08T02:39:22-07:00   b1e36ba168692322f829386d7502be86
assets/icon-user.png:
  development: 2018-06-08T02:39:22-07:00   8a679f3e4155997714339753a4828be5
assets/in-cart-upsell-bg.png:
  development: 2017-11-24T00:20:44-08:00   72ee5b06d48f020a81843348ccfbb2ca
assets/jess-draper.jpeg:
  development: 2018-07-02T06:34:08-07:00   2f4ae5a2196a58754d0d715110f24930
assets/jquery-1.10.0.min.js:
  development: 2017-07-28T13:55:58-07:00   674ac111eba0375a5e9bb7ed247add9e
assets/jquery.cart.min.js:
  development: 2017-07-28T13:55:58-07:00   4f5af6253c0590a20c227dcdaefdf950
assets/jquery.currencies.js:
  development: 2018-11-22T23:28:50-08:00   e762a942cddfee5c6e93502be82fe4d2
assets/keto-image.png:
  development: 2018-01-31T16:23:41-08:00   50a1c070a8a6523fb3be20c6afd03622
assets/logo-retina.png:
  development: 2018-10-31T05:43:57-07:00   8f47a22e24627a69113a487446326067
assets/logo.png:
  development: 2018-10-31T05:43:58-07:00   0ce1b8248556e9bd1df4ec73bb716d8a
assets/mmenu.scss.liquid:
  development: 2018-09-29T13:20:21-07:00   719450f06bdac60e99b655b46024d834
assets/modernizr-2.7.1.min.js:
  development: 2017-07-28T13:55:59-07:00   e49e67ef07362fcfb0be107f8651f1d9
assets/mys-site-banner-desktop-min.jpg:
  development: 2018-05-29T22:16:44-07:00   9ca02deb67de25bb48baf1d1c89557c5
assets/mys-site-banner-mobile-min.jpg:
  development: 2018-05-29T22:16:45-07:00   826dee5967eb75b8065bef7726f9a1b3
assets/no-image.png:
  development: 2017-07-28T13:55:59-07:00   dbcf571b95733efe9d94e4701fcc74a7
assets/no-image.svg:
  development: 2017-07-28T13:55:59-07:00   c1cb57e460094a7b692b8f0a15e2f31c
assets/nutrition-image.png:
  development: 2017-07-28T13:56:00-07:00   2a175b62d650f72837370525f6710df9
assets/plugins.js:
  development: 2017-07-28T13:56:00-07:00   e59977a3618bb92d193bf6f4442b2419
assets/product-banner-mobile.jpg:
  development: 2017-11-24T01:45:27-08:00   d5560c2e432c57a767cb8e0fa842a5b2
assets/product-page-banner.jpg:
  development: 2017-11-24T01:36:32-08:00   d3f075bcb470cdd02e134122393fcb3d
assets/recipes-image.png:
  development: 2017-07-28T13:56:00-07:00   a3b8ac7ddd04d12422dbe9fae1d6cbea
assets/sandra-hernandez.jpg:
  development: 2018-11-20T12:03:00-08:00   f18a5be8945a7215fcfe2fd511aa7b0a
assets/sandra-hernandez.png:
  development: 2017-07-28T13:56:01-07:00   21f11b5d40a8357ebad43ca1538ba431
assets/search-icon.png:
  development: 2017-07-28T13:56:01-07:00   9e182f1fef9c828f51465fece391615c
assets/search-icon1.png:
  development: 2017-07-28T13:56:01-07:00   1b1e723c0185ef8561e3430982b74bc7
assets/search-icon2.png:
  development: 2017-07-28T13:56:01-07:00   b8ec9aedb2e927130c848654d17b41a6
assets/search-icon4.png:
  development: 2018-06-08T02:24:43-07:00   99bc623924a1b081fbbfc8478833bd5f
assets/secondary-logo.png:
  development: 2018-10-24T16:40:17-07:00   5601f5e27dba1fbfa8d078371699b64f
assets/secondlogo.png:
  development: 2017-07-28T13:56:02-07:00   9e998f19c05273cb93eee1d1a0fc5bd1
assets/sidebar-blog-body optimization-image.png:
  development: 2018-06-13T01:11:51-07:00   07be15453bb51e3229aced03d611defc
assets/sidebar-blog-brain enhancement-image.png:
  development: 2018-06-13T01:13:00-07:00   07be15453bb51e3229aced03d611defc
assets/sidebar-blog-default-ad-image.png:
  development: 2018-06-13T01:07:59-07:00   07be15453bb51e3229aced03d611defc
assets/sidebar-blog-image-1.png:
  development: 2018-04-10T13:00:04-07:00   07be15453bb51e3229aced03d611defc
assets/sidebar-blog-image-2.png:
  development: 2018-04-10T13:00:04-07:00   e81345a9a8e57b3d895d16df7c697fe2
assets/sidebar-blog-keto-image.png:
  development: 2018-06-13T01:13:01-07:00   07be15453bb51e3229aced03d611defc
assets/sidebar-blog-nutrition-image.png:
  development: 2018-06-13T01:13:00-07:00   07be15453bb51e3229aced03d611defc
assets/sidebar-blog-recipes-image.png:
  development: 2018-06-13T01:13:00-07:00   07be15453bb51e3229aced03d611defc
assets/singleproductwebicons-regular.eot:
  development: 2017-07-28T13:56:03-07:00   cfadf8b6e9c55e486fba29c09ac2b329
assets/singleproductwebicons-regular.svg:
  development: 2017-07-28T13:56:03-07:00   3b208c35c56a81b278464aaebced7ca5
assets/singleproductwebicons-regular.ttf:
  development: 2017-07-28T13:56:03-07:00   073c9fe8a492a42b99f81cc36449c861
assets/singleproductwebicons-regular.woff:
  development: 2017-07-28T13:56:03-07:00   956068af159fab7807acd819c1c4a0c9
assets/site.js:
  development: 2018-11-23T14:56:29-08:00   1e1c97ed083c36815436bee585723340
assets/slide-1-image.jpg:
  development: 2018-11-23T00:01:36-08:00   4733380044e08df9e0bf54c5472b2aa9
assets/slide-2-image-keto.jpg:
  development: 2018-11-23T00:01:42-08:00   a803985e64a5bcaef59b2d6850415b49
assets/slide-2-image-mobile.jpg:
  development: 2018-11-20T13:44:08-08:00   69e7c94ca146e2f299193ef981d1fb6b
assets/slide-2-image.jpg:
  development: 2018-11-23T00:01:17-08:00   da5b6c9d6f8de6fb5b8490289680f967
assets/slide-3-image-mobile.jpg:
  development: 2018-11-20T13:44:09-08:00   74304745fdf49ec0e353e9c18d38efec
assets/slide-3-image.jpg:
  development: 2018-11-20T13:36:04-08:00   0ac5256997b28478932ffe53af6737f0
assets/slide-4-image-mobile.jpg:
  development: 2018-11-20T13:44:10-08:00   3658d324b643716b7cbb8656729521eb
assets/slide-4-image.jpg:
  development: 2018-11-20T13:36:07-08:00   0efeed0ebbc3d9194b048d7a745ecfb3
assets/slide-5-image-mobile.jpg:
  development: 2018-11-20T13:44:12-08:00   29acf2e0c909ed9220b5d74482822cff
assets/slide-5-image.jpg:
  development: 2018-11-20T13:36:08-08:00   65cc5a5ab1ba5ba8121442b2afb0e616
assets/slide-image-prebfcm.jpg:
  development: 2018-11-23T00:01:55-08:00   44d5fc8c47909af53e1189942a485875
assets/slide-mid-year-sale.jpg:
  development: 2018-11-20T13:27:14-08:00   50ca0a7d2dffd2e1998ddb94398e919b
assets/slider-bfcm-mobile-1@2x.jpg:
  development: 2018-11-23T00:02:06-08:00   bac063473af2cfffde8699aa73bcf0ce
assets/slider-pre-bfcm-mobile.jpg:
  development: 2018-11-20T13:44:13-08:00   5b3592e84cec6501f7992fd030d8f4d7
assets/socicon-webfont.eot:
  development: 2017-07-28T13:56:06-07:00   308531c9c8ba487310162fd5060422e8
assets/socicon-webfont.svg:
  development: 2017-07-28T14:43:21-07:00   bf2e60c981252effdf4672b3c4e5c5fb
assets/socicon-webfont.ttf:
  development: 2017-07-28T13:56:07-07:00   8f1a7e3f97ff5d438aebeb9196b2718c
assets/socicon-webfont.woff:
  development: 2017-07-28T13:56:07-07:00   cad75e2dacc6794c4e6b14727d4a989d
assets/tag-icon.png:
  development: 2017-07-28T13:56:07-07:00   611ea558d930988d70c366f99fdd888e
assets/theme.scss.liquid:
  development: 2018-11-23T01:47:22-08:00   1224535c2bacffe4cc0597f01de4ad7d
config/settings_data.json:
  development: 2018-11-23T00:05:46-08:00   05631fa1f8d7f8abf787b581751ed82e
config/settings_schema.json:
  development: 2018-07-20T00:53:47-07:00   6deb1676bc31f6e00cffe637d40fd4b8
layout/checkout.liquid:
  development: 2018-09-25T00:08:36-07:00   bdfd5a3d2fb9efebbb9fb29f1b16e846
layout/theme.liquid:
  development: 2018-11-02T19:17:47-07:00   bdef2c30fae9e13c08434dbbca0dadb7
layout/theme_BackupCopyCartHookCheckout.liquid:
  development: 2018-09-18T06:16:04-07:00   035c586ca1a72fced07bf73631cd768a
locales/en.default.json:
  development: 2017-07-28T13:56:07-07:00   cde3644e4dedf16a6c5e7596d38e0d9b
snippets/LittledataLayer.liquid:
  development: 2018-06-28T16:59:43-07:00   497bd2c9bbd7af03536d307fde8ae479
snippets/article-list-item.liquid:
  development: 2017-07-28T13:56:07-07:00   dbf0f2596f12c64d7ef7a92ddc9aafd5
snippets/breadcrumbs.liquid:
  development: 2017-07-28T13:56:07-07:00   2b4498617f5592aacadc2e736464bf00
snippets/carthook-checkout.liquid:
  development: 2018-10-31T05:51:13-07:00   999794d6a437824391ae464ff20d0b59
snippets/collection-list-item.liquid:
  development: 2018-04-26T12:49:32-07:00   7fc3df234fb1586d3926c4cb1d944967
snippets/criteo-tracking.liquid:
  development: 2018-10-31T11:35:01-07:00   a580faf53db7f879e61be3d1fb9f9d39
snippets/fonts.liquid:
  development: 2017-07-28T13:56:07-07:00   f70bc3180f1bc97080732cdc6bbedf37
snippets/footer.liquid:
  development: 2018-11-23T01:43:15-08:00   664586733fae610c33ff4af54d8bd5d5
snippets/for-blog-pages.liquid:
  development: 2017-07-28T13:56:08-07:00   7a3de2429726cc986f651314f135a37a
snippets/for-looper.liquid:
  development: 2017-07-28T13:56:08-07:00   527e37ca0365fb5b0e04aae22b2d1cfb
snippets/header.liquid:
  development: 2018-11-23T01:46:55-08:00   a39070f0807bf5f24d6394cdb2318627
snippets/hex2rgb.liquid:
  development: 2017-07-28T13:56:08-07:00   646edef4e1a0cf9a1d47d6465b467a38
snippets/home-as-seen-on.liquid:
  development: 2017-07-28T13:56:08-07:00   2f46666f56f04add5c6d233f8178644d
snippets/home-featured-blog.liquid:
  development: 2017-07-28T13:56:08-07:00   0c7d05daad4b2a45ecfa080a09f31e30
snippets/home-featured-collections.liquid:
  development: 2017-07-28T13:56:08-07:00   2ebcd45de6e3f934384e76231194612e
snippets/home-featured-products.liquid:
  development: 2017-07-28T13:56:08-07:00   960a48eabe681ddcb7438be2db1def84
snippets/home-full-width.liquid:
  development: 2017-07-28T13:56:08-07:00   4d272479be2612ce2b0eed5129387c7b
snippets/home-hero.liquid:
  development: 2017-07-28T13:56:08-07:00   830fbac927aacc5c04c499f5d9e31189
snippets/home-in-line.liquid:
  development: 2017-07-28T13:56:08-07:00   636bbd7945c4569525849ae1ed12f437
snippets/home-instagram.liquid:
  development: 2017-07-28T13:56:08-07:00   a53f548165cd958340890537230cda66
snippets/home-left-right.liquid:
  development: 2017-07-28T13:56:08-07:00   c7a554f4e6ba72cfb52b3bea3780802a
snippets/home-order-now.liquid:
  development: 2017-07-28T13:56:08-07:00   bf8cfa7df4497a5da33628e1a5897529
snippets/home-slideshow.liquid:
  development: 2018-11-23T00:03:47-08:00   550db3411d6dcd29ff311c27833e97ea
snippets/home-testimonials.liquid:
  development: 2018-07-27T13:48:36-07:00   212a70fbdb5072428dd10ccb5d3f0f8c
snippets/mailing-list.liquid:
  development: 2017-07-28T13:56:08-07:00   cc0b4a2e1bd960af93ff9f8265f01607
snippets/navigation.liquid:
  development: 2017-07-28T13:56:08-07:00   ce349134d88dbd0e48c72ea1712fbc77
snippets/old-style-product-wrapper.liquid:
  development: 2017-07-28T13:56:08-07:00   a8151e6dc534312db8f81421751c31b3
snippets/pagination.liquid:
  development: 2017-07-28T13:56:08-07:00   9ce065a3eb654f7b146f54d2c3b43269
snippets/product-list-item.liquid:
  development: 2018-05-22T21:36:06-07:00   fd41869ba4804f57a9f64442e888d9eb
snippets/product-page-buy-button.liquid:
  development: 2017-07-28T13:56:08-07:00   7b21fcbd1d356e482b66ec6f57be93b9
snippets/product-wrapper.liquid:
  development: 2018-11-23T14:52:54-08:00   35cf1d3c5609bae4b59f063e80914b35
snippets/share-buttons.liquid:
  development: 2018-11-02T05:38:31-07:00   2b1e04fe733c1b9eb50d97dd014c729d
snippets/single-article-list-item.liquid:
  development: 2018-11-02T04:40:56-07:00   6db9a58c48d092fa29bfb36ff65f5226
snippets/social-meta.liquid:
  development: 2018-08-28T02:58:56-07:00   4b694acaf75fc3ca51fd951d72001658
snippets/subscription-cart-footer.liquid:
  development: 2017-07-28T13:56:08-07:00   c6edc9b5d93f2bf691513d1003dea8f9
snippets/subscription-product.liquid:
  development: 2018-11-23T14:59:02-08:00   3ac3f6138c02ff777ece3832fd31a5a5
snippets/subscription-theme-footer.liquid:
  development: 2017-07-28T13:56:08-07:00   1d8cc7f2d7c9f1d549334cc16df77a4f
snippets/test-subscription-product.liquid:
  development: 2018-11-22T23:40:22-08:00   da9e113dec49dad5941c4d7f09fd9868
snippets/theme-options.liquid:
  development: 2017-07-28T13:56:08-07:00   dc2af148703c173c801fe15655293310
templates/404.liquid:
  development: 2017-07-28T13:56:08-07:00   2f03969613a12936f0bff5714de522cb
templates/article.liquid:
  development: 2017-07-28T13:56:08-07:00   7103996cf26bb6dcc5585db2a046b7cc
templates/blog.liquid:
  development: 2018-09-14T10:39:49-07:00   3f825971a0b5530c5d9786bcd015a779
templates/cart.liquid:
  development: 2018-10-03T14:24:55-07:00   d6af1618c7c2929f5b1e4ac4cf86e115
templates/collection.liquid:
  development: 2018-06-02T00:07:30-07:00   1a4d127f43b1fa8462f2c7cc7d0aae4e
templates/customers/account.liquid:
  development: 2017-07-28T13:56:08-07:00   9e74571f437d3f3cff19387fcb28b46e
templates/customers/activate_account.liquid:
  development: 2017-07-28T13:56:08-07:00   14e5ac53389bf068896926e779b2170d
templates/customers/addresses.liquid:
  development: 2017-07-28T13:56:08-07:00   32818f3645c1fa2d9d3944abdf0a5309
templates/customers/login.liquid:
  development: 2017-07-28T13:56:08-07:00   4eeae35a81e909444dde5ccc42751570
templates/customers/order.liquid:
  development: 2017-07-28T13:56:08-07:00   8000e7f11f795b6ee2f0e63c11c7311f
templates/customers/register.liquid:
  development: 2017-07-28T13:56:08-07:00   1846f4fcbc6b7695a1a5dcc8e8633ee9
templates/customers/reset_password.liquid:
  development: 2017-07-28T13:56:08-07:00   e5a9f25966e333639d09cb594ef4f925
templates/gift_card.liquid:
  development: 2017-07-28T13:56:08-07:00   6102818093fcb51d1a4ccd04514fe0e4
templates/index.liquid:
  development: 2018-08-31T10:51:23-07:00   11860b212ceee4bffea7b0282c944554
templates/list-collections.liquid:
  development: 2017-07-28T13:56:08-07:00   d4c3c561f407f9d447be28c8d999dc1d
templates/page.affiliate-landing.liquid:
  development: 2018-04-30T07:25:24-07:00   facc52142a91ab7fefc1939856940867
templates/page.affiliate.liquid:
  development: 2017-07-28T13:56:09-07:00   a7ea139153d3027d753cef6d28f70ca3
templates/page.contact.liquid:
  development: 2018-06-14T08:28:13-07:00   b227302ea02b1ea5789c6d68a6420d7c
templates/page.liquid:
  development: 2018-09-18T06:16:06-07:00   d7e6a70127e9de6fff7978fc125427c6
templates/page.retailer.liquid:
  development: 2018-06-14T09:07:27-07:00   a86116e0fba28d09605fc349f0652e78
templates/page.reviews.liquid:
  development: 2017-07-28T13:56:09-07:00   6d67b2c201e280a7a399cb797f92238e
templates/password.liquid:
  development: 2017-07-28T13:56:09-07:00   db7d4b7f4655a8ed8d57eb1bc97424d2
templates/product.liquid:
  development: 2018-10-03T14:24:56-07:00   6f61a74db14ead8c5d2fe3fdde9a3e26
templates/product.slideshow.liquid:
  development: 2018-03-08T08:48:37-08:00   0ff98c1252274c6ee9c773bd257078a9
templates/search.liquid:
  development: 2017-07-28T13:56:09-07:00   9470cd8d2d0b8398ae57d897fbbc5526
